
Microsoft Visual Studio Solution File, Format Version 12.00
# Visual Studio Version 17
VisualStudioVersion = 17.5.33502.453
MinimumVisualStudioVersion = 10.0.40219.1
Project("{FAE04EC0-301F-11D3-BF4B-00C04F79EFBC}") = "MrSoaiAPI", "MrSoaiAPI\MrSoaiAPI.csproj", "{DDDDEFC9-9781-4FDC-9C4F-571CAAEC0F8B}"
EndProject
Global
	GlobalSection(SolutionConfigurationPlatforms) = preSolution
		Debug|Any CPU = Debug|Any CPU
		Release|Any CPU = Release|Any CPU
	EndGlobalSection
	GlobalSection(ProjectConfigurationPlatforms) = postSolution
		{DDDDEFC9-9781-4FDC-9C4F-571CAAEC0F8B}.Debug|Any CPU.ActiveCfg = Debug|Any CPU
		{DDDDEFC9-9781-4FDC-9C4F-571CAAEC0F8B}.Debug|Any CPU.Build.0 = Debug|Any CPU
		{DDDDEFC9-9781-4FDC-9C4F-571CAAEC0F8B}.Release|Any CPU.ActiveCfg = Release|Any CPU
		{DDDDEFC9-9781-4FDC-9C4F-571CAAEC0F8B}.Release|Any CPU.Build.0 = Release|Any CPU
	EndGlobalSection
	GlobalSection(SolutionProperties) = preSolution
		HideSolutionNode = FALSE
	EndGlobalSection
	GlobalSection(ExtensibilityGlobals) = postSolution
		SolutionGuid = {80CD2E11-2139-44E5-A59A-9FC7C6B2A019}
	EndGlobalSection
EndGlobal
